
Microsoft Visual Studio Solution File, Format Version 12.00
# Visual Studio Version 17
VisualStudioVersion = 17.1.32210.238
MinimumVisualStudioVersion = 10.0.40219.1
Project("{FAE04EC0-301F-11D3-BF4B-00C04F79EFBC}") = "Program.cs", "Program.cs\Program.cs.csproj", "{3D38043A-B5F0-453A-AEBA-17DB290247B5}"
EndProject
Global
	GlobalSection(SolutionConfigurationPlatforms) = preSolution
		Debug|Any CPU = Debug|Any CPU
		Release|Any CPU = Release|Any CPU
	EndGlobalSection
	GlobalSection(ProjectConfigurationPlatforms) = postSolution
		{3D38043A-B5F0-453A-AEBA-17DB290247B5}.Debug|Any CPU.ActiveCfg = Debug|Any CPU
		{3D38043A-B5F0-453A-AEBA-17DB290247B5}.Debug|Any CPU.Build.0 = Debug|Any CPU
		{3D38043A-B5F0-453A-AEBA-17DB290247B5}.Release|Any CPU.ActiveCfg = Release|Any CPU
		{3D38043A-B5F0-453A-AEBA-17DB290247B5}.Release|Any CPU.Build.0 = Release|Any CPU
	EndGlobalSection
	GlobalSection(SolutionProperties) = preSolution
		HideSolutionNode = FALSE
	EndGlobalSection
	GlobalSection(ExtensibilityGlobals) = postSolution
		SolutionGuid = {A86189F1-F0A5-421A-A01F-EC14E0BA159C}
	EndGlobalSection
EndGlobal
